
Microsoft Visual Studio Solution File, Format Version 12.00
# Visual Studio Version 17
VisualStudioVersion = 17.1.32421.90
MinimumVisualStudioVersion = 10.0.40219.1
Project("{9A19103F-16F7-4668-BE54-9A1E7A4F7556}") = "crud_front", "crud_front\crud_front.csproj", "{DB647DBF-8AC9-4AFC-A7F9-F4E9B71721F5}"
EndProject
Project("{FAE04EC0-301F-11D3-BF4B-00C04F79EFBC}") = "Funciones", "Funciones\Funciones.csproj", "{243DE01D-A32D-47FF-9145-B74D71F45AA0}"
EndProject
Global
	GlobalSection(SolutionConfigurationPlatforms) = preSolution
		Debug|Any CPU = Debug|Any CPU
		Release|Any CPU = Release|Any CPU
	EndGlobalSection
	GlobalSection(ProjectConfigurationPlatforms) = postSolution
		{DB647DBF-8AC9-4AFC-A7F9-F4E9B71721F5}.Debug|Any CPU.ActiveCfg = Debug|Any CPU
		{DB647DBF-8AC9-4AFC-A7F9-F4E9B71721F5}.Debug|Any CPU.Build.0 = Debug|Any CPU
		{DB647DBF-8AC9-4AFC-A7F9-F4E9B71721F5}.Release|Any CPU.ActiveCfg = Release|Any CPU
		{DB647DBF-8AC9-4AFC-A7F9-F4E9B71721F5}.Release|Any CPU.Build.0 = Release|Any CPU
		{243DE01D-A32D-47FF-9145-B74D71F45AA0}.Debug|Any CPU.ActiveCfg = Debug|Any CPU
		{243DE01D-A32D-47FF-9145-B74D71F45AA0}.Debug|Any CPU.Build.0 = Debug|Any CPU
		{243DE01D-A32D-47FF-9145-B74D71F45AA0}.Release|Any CPU.ActiveCfg = Release|Any CPU
		{243DE01D-A32D-47FF-9145-B74D71F45AA0}.Release|Any CPU.Build.0 = Release|Any CPU
	EndGlobalSection
	GlobalSection(SolutionProperties) = preSolution
		HideSolutionNode = FALSE
	EndGlobalSection
	GlobalSection(ExtensibilityGlobals) = postSolution
		SolutionGuid = {82767841-D6B0-4E79-BE47-A521A80B6667}
	EndGlobalSection
EndGlobal
